
Microsoft Visual Studio Solution File, Format Version 12.00
# Visual Studio Version 16
VisualStudioVersion = 16.0.28803.156
MinimumVisualStudioVersion = 15.0.26124.0
Project("{9A19103F-16F7-4668-BE54-9A1E7A4F7556}") = "GCConsole", "GCConsole\GCConsole.csproj", "{282BAEA5-CB71-46F4-8238-0828A2888FBD}"
EndProject
Global
	GlobalSection(SolutionConfigurationPlatforms) = preSolution
		Debug|Any CPU = Debug|Any CPU
		Debug|x64 = Debug|x64
		Debug|x86 = Debug|x86
		Release|Any CPU = Release|Any CPU
		Release|x64 = Release|x64
		Release|x86 = Release|x86
	EndGlobalSection
	GlobalSection(ProjectConfigurationPlatforms) = postSolution
		{282BAEA5-CB71-46F4-8238-0828A2888FBD}.Debug|Any CPU.ActiveCfg = Debug|Any CPU
		{282BAEA5-CB71-46F4-8238-0828A2888FBD}.Debug|Any CPU.Build.0 = Debug|Any CPU
		{282BAEA5-CB71-46F4-8238-0828A2888FBD}.Debug|x64.ActiveCfg = Debug|Any CPU
		{282BAEA5-CB71-46F4-8238-0828A2888FBD}.Debug|x64.Build.0 = Debug|Any CPU
		{282BAEA5-CB71-46F4-8238-0828A2888FBD}.Debug|x86.ActiveCfg = Debug|Any CPU
		{282BAEA5-CB71-46F4-8238-0828A2888FBD}.Debug|x86.Build.0 = Debug|Any CPU
		{282BAEA5-CB71-46F4-8238-0828A2888FBD}.Release|Any CPU.ActiveCfg = Release|Any CPU
		{282BAEA5-CB71-46F4-8238-0828A2888FBD}.Release|Any CPU.Build.0 = Release|Any CPU
		{282BAEA5-CB71-46F4-8238-0828A2888FBD}.Release|x64.ActiveCfg = Release|Any CPU
		{282BAEA5-CB71-46F4-8238-0828A2888FBD}.Release|x64.Build.0 = Release|Any CPU
		{282BAEA5-CB71-46F4-8238-0828A2888FBD}.Release|x86.ActiveCfg = Release|Any CPU
		{282BAEA5-CB71-46F4-8238-0828A2888FBD}.Release|x86.Build.0 = Release|Any CPU
	EndGlobalSection
	GlobalSection(SolutionProperties) = preSolution
		HideSolutionNode = FALSE
	EndGlobalSection
	GlobalSection(ExtensibilityGlobals) = postSolution
		SolutionGuid = {6941B737-8EA2-4215-9385-BFBEA78735FD}
	EndGlobalSection
EndGlobal
